// !$*UTF8*$!
{
	archiveVersion = 1;
	classes = {
	};
	objectVersion = 48;
	objects = {

/* Begin PBXBuildFile section */
		60368AA21F860E4200662590 /* AppDelegate.swift in Sources */ = {isa = PBXBuildFile; fileRef = 60368AA11F860E4200662590 /* AppDelegate.swift */; };
		60368AA41F860E4200662590 /* ViewController.swift in Sources */ = {isa = PBXBuildFile; fileRef = 60368AA31F860E4200662590 /* ViewController.swift */; };
		60368AA71F860E4200662590 /* Main.storyboard in Resources */ = {isa = PBXBuildFile; fileRef = 60368AA51F860E4200662590 /* Main.storyboard */; };
		60368AA91F860E4200662590 /* Assets.xcassets in Resources */ = {isa = PBXBuildFile; fileRef = 60368AA81F860E4200662590 /* Assets.xcassets */; };
		60368AAC1F860E4200662590 /* LaunchScreen.storyboard in Resources */ = {isa = PBXBuildFile; fileRef = 60368AAA1F860E4200662590 /* LaunchScreen.storyboard */; };
		60368AB71F860E4200662590 /* swift3TechTests.swift in Sources */ = {isa = PBXBuildFile; fileRef = 60368AB61F860E4200662590 /* swift3TechTests.swift */; };
		60368AC21F860E4200662590 /* swift3TechUITests.swift in Sources */ = {isa = PBXBuildFile; fileRef = 60368AC11F860E4200662590 /* swift3TechUITests.swift */; };
/* End PBXBuildFile section */

/* Begin PBXContainerItemProxy section */
		60368AB31F860E4200662590 /* PBXContainerItemProxy */ = {
			isa = PBXContainerItemProxy;
			containerPortal = 60368A961F860E4200662590 /* Project object */;
			proxyType = 1;
			remoteGlobalIDString = 60368A9D1F860E4200662590;
			remoteInfo = swift3Tech;
		};
		60368ABE1F860E4200662590 /* PBXContainerItemProxy */ = {
			isa = PBXContainerItemProxy;
			containerPortal = 60368A961F860E4200662590 /* Project object */;
			proxyType = 1;
			remoteGlobalIDString = 60368A9D1F860E4200662590;
			remoteInfo = swift3Tech;
		};
/* End PBXContainerItemProxy section */

/* Begin PBXFileReference section */
		60368A9E1F860E4200662590 /* swift3Tech.app */ = {isa = PBXFileReference; explicitFileType = wrapper.application; includeInIndex = 0; path = swift3Tech.app; sourceTree = BUILT_PRODUCTS_DIR; };
		60368AA11F860E4200662590 /* AppDelegate.swift */ = {isa = PBXFileReference; lastKnownFileType = sourcecode.swift; path = AppDelegate.swift; sourceTree = "<group>"; };
		60368AA31F860E4200662590 /* ViewController.swift */ = {isa = PBXFileReference; lastKnownFileType = sourcecode.swift; path = ViewController.swift; sourceTree = "<group>"; };
		60368AA61F860E4200662590 /* Base */ = {isa = PBXFileReference; lastKnownFileType = file.storyboard; name = Base; path = Base.lproj/Main.storyboard; sourceTree = "<group>"; };
		60368AA81F860E4200662590 /* Assets.xcassets */ = {isa = PBXFileReference; lastKnownFileType = folder.assetcatalog; path = Assets.xcassets; sourceTree = "<group>"; };
		60368AAB1F860E4200662590 /* Base */ = {isa = PBXFileReference; lastKnownFileType = file.storyboard; name = Base; path = Base.lproj/LaunchScreen.storyboard; sourceTree = "<group>"; };
		60368AAD1F860E4200662590 /* Info.plist */ = {isa = PBXFileReference; lastKnownFileType = text.plist.xml; path = Info.plist; sourceTree = "<group>"; };
		60368AB21F860E4200662590 /* swift3TechTests.xctest */ = {isa = PBXFileReference; explicitFileType = wrapper.cfbundle; includeInIndex = 0; path = swift3TechTests.xctest; sourceTree = BUILT_PRODUCTS_DIR; };
		60368AB61F860E4200662590 /* swift3TechTests.swift */ = {isa = PBXFileReference; lastKnownFileType = sourcecode.swift; path = swift3TechTests.swift; sourceTree = "<group>"; };
		60368AB81F860E4200662590 /* Info.plist */ = {isa = PBXFileReference; lastKnownFileType = text.plist.xml; path = Info.plist; sourceTree = "<group>"; };
		60368ABD1F860E4200662590 /* swift3TechUITests.xctest */ = {isa = PBXFileReference; explicitFileType = wrapper.cfbundle; includeInIndex = 0; path = swift3TechUITests.xctest; sourceTree = BUILT_PRODUCTS_DIR; };
		60368AC11F860E4200662590 /* swift3TechUITests.swift */ = {isa = PBXFileReference; lastKnownFileType = sourcecode.swift; path = swift3TechUITests.swift; sourceTree = "<group>"; };
		60368AC31F860E4200662590 /* Info.plist */ = {isa = PBXFileReference; lastKnownFileType = text.plist.xml; path = Info.plist; sourceTree = "<group>"; };
/* End PBXFileReference section */

/* Begin PBXFrameworksBuildPhase section */
		60368A9B1F860E4200662590 /* Frameworks */ = {
			isa = PBXFrameworksBuildPhase;
			buildActionMask = 2147483647;
			files = (
			);
			runOnlyForDeploymentPostprocessing = 0;
		};
		60368AAF1F860E4200662590 /* Frameworks */ = {
			isa = PBXFrameworksBuildPhase;
			buildActionMask = 2147483647;
			files = (
			);
			runOnlyForDeploymentPostprocessing = 0;
		};
		60368ABA1F860E4200662590 /* Frameworks */ = {
			isa = PBXFrameworksBuildPhase;
			buildActionMask = 2147483647;
			files = (
			);
			runOnlyForDeploymentPostprocessing = 0;
		};
/* End PBXFrameworksBuildPhase section */

/* Begin PBXGroup section */
		60368A951F860E4200662590 = {
			isa = PBXGroup;
			children = (
				60368AA01F860E4200662590 /* swift3Tech */,
				60368AB51F860E4200662590 /* swift3TechTests */,
				60368AC01F860E4200662590 /* swift3TechUITests */,
				60368A9F1F860E4200662590 /* Products */,
			);
			sourceTree = "<group>";
		};
		60368A9F1F860E4200662590 /* Products */ = {
			isa = PBXGroup;
			children = (
				60368A9E1F860E4200662590 /* swift3Tech.app */,
				60368AB21F860E4200662590 /* swift3TechTests.xctest */,
				60368ABD1F860E4200662590 /* swift3TechUITests.xctest */,
			);
			name = Products;
			sourceTree = "<group>";
		};
		60368AA01F860E4200662590 /* swift3Tech */ = {
			isa = PBXGroup;
			children = (
				60368AA11F860E4200662590 /* AppDelegate.swift */,
				60368AA31F860E4200662590 /* ViewController.swift */,
				60368AA51F860E4200662590 /* Main.storyboard */,
				60368AA81F860E4200662590 /* Assets.xcassets */,
				60368AAA1F860E4200662590 /* LaunchScreen.storyboard */,
				60368AAD1F860E4200662590 /* Info.plist */,
			);
			path = swift3Tech;
			sourceTree = "<group>";
		};
		60368AB51F860E4200662590 /* swift3TechTests */ = {
			isa = PBXGroup;
			children = (
				60368AB61F860E4200662590 /* swift3TechTests.swift */,
				60368AB81F860E4200662590 /* Info.plist */,
			);
			path = swift3TechTests;
			sourceTree = "<group>";
		};
		60368AC01F860E4200662590 /* swift3TechUITests */ = {
			isa = PBXGroup;
			children = (
				60368AC11F860E4200662590 /* swift3TechUITests.swift */,
				60368AC31F860E4200662590 /* Info.plist */,
			);
			path = swift3TechUITests;
			sourceTree = "<group>";
		};
/* End PBXGroup section */

/* Begin PBXNativeTarget section */
		60368A9D1F860E4200662590 /* swift3Tech */ = {
			isa = PBXNativeTarget;
			buildConfigurationList = 60368AC61F860E4200662590 /* Build configuration list for PBXNativeTarget "swift3Tech" */;
			buildPhases = (
				60368A9A1F860E4200662590 /* Sources */,
				60368A9B1F860E4200662590 /* Frameworks */,
				60368A9C1F860E4200662590 /* Resources */,
			);
			buildRules = (
			);
			dependencies = (
			);
			name = swift3Tech;
			productName = swift3Tech;
			productReference = 60368A9E1F860E4200662590 /* swift3Tech.app */;
			productType = "com.apple.product-type.application";
		};
		60368AB11F860E4200662590 /* swift3TechTests */ = {
			isa = PBXNativeTarget;
			buildConfigurationList = 60368AC91F860E4200662590 /* Build configuration list for PBXNativeTarget "swift3TechTests" */;
			buildPhases = (
				60368AAE1F860E4200662590 /* Sources */,
				60368AAF1F860E4200662590 /* Frameworks */,
				60368AB01F860E4200662590 /* Resources */,
			);
			buildRules = (
			);
			dependencies = (
				60368AB41F860E4200662590 /* PBXTargetDependency */,
			);
			name = swift3TechTests;
			productName = swift3TechTests;
			productReference = 60368AB21F860E4200662590 /* swift3TechTests.xctest */;
			productType = "com.apple.product-type.bundle.unit-test";
		};
		60368ABC1F860E4200662590 /* swift3TechUITests */ = {
			isa = PBXNativeTarget;
			buildConfigurationList = 60368ACC1F860E4200662590 /* Build configuration list for PBXNativeTarget "swift3TechUITests" */;
			buildPhases = (
				60368AB91F860E4200662590 /* Sources */,
				60368ABA1F860E4200662590 /* Frameworks */,
				60368ABB1F860E4200662590 /* Resources */,
			);
			buildRules = (
			);
			dependencies = (
				60368ABF1F860E4200662590 /* PBXTargetDependency */,
			);
			name = swift3TechUITests;
			productName = swift3TechUITests;
			productReference = 60368ABD1F860E4200662590 /* swift3TechUITests.xctest */;
			productType = "com.apple.product-type.bundle.ui-testing";
		};
/* End PBXNativeTarget section */

/* Begin PBXProject section */
		60368A961F860E4200662590 /* Project object */ = {
			isa = PBXProject;
			attributes = {
				LastSwiftUpdateCheck = 0900;
				LastUpgradeCheck = 0900;
				ORGANIZATIONNAME = "Sylvain Laure";
				TargetAttributes = {
					60368A9D1F860E4200662590 = {
						CreatedOnToolsVersion = 9.0;
						ProvisioningStyle = Automatic;
					};
					60368AB11F860E4200662590 = {
						CreatedOnToolsVersion = 9.0;
						ProvisioningStyle = Automatic;
						TestTargetID = 60368A9D1F860E4200662590;
					};
					60368ABC1F860E4200662590 = {
						CreatedOnToolsVersion = 9.0;
						ProvisioningStyle = Automatic;
						TestTargetID = 60368A9D1F860E4200662590;
					};
				};
			};
			buildConfigurationList = 60368A991F860E4200662590 /* Build configuration list for PBXProject "swift3Tech" */;
			compatibilityVersion = "Xcode 8.0";
			developmentRegion = en;
			hasScannedForEncodings = 0;
			knownRegions = (
				en,
				Base,
			);
			mainGroup = 60368A951F860E4200662590;
			productRefGroup = 60368A9F1F860E4200662590 /* Products */;
			projectDirPath = "";
			projectRoot = "";
			targets = (
				60368A9D1F860E4200662590 /* swift3Tech */,
				60368AB11F860E4200662590 /* swift3TechTests */,
				60368ABC1F860E4200662590 /* swift3TechUITests */,
			);
		};
/* End PBXProject section */

/* Begin PBXResourcesBuildPhase section */
		60368A9C1F860E4200662590 /* Resources */ = {
			isa = PBXResourcesBuildPhase;
			buildActionMask = 2147483647;
			files = (
				60368AAC1F860E4200662590 /* LaunchScreen.storyboard in Resources */,
				60368AA91F860E4200662590 /* Assets.xcassets in Resources */,
				60368AA71F860E4200662590 /* Main.storyboard in Resources */,
			);
			runOnlyForDeploymentPostprocessing = 0;
		};
		60368AB01F860E4200662590 /* Resources */ = {
			isa = PBXResourcesBuildPhase;
			buildActionMask = 2147483647;
			files = (
			);
			runOnlyForDeploymentPostprocessing = 0;
		};
		60368ABB1F860E4200662590 /* Resources */ = {
			isa = PBXResourcesBuildPhase;
			buildActionMask = 2147483647;
			files = (
			);
			runOnlyForDeploymentPostprocessing = 0;
		};
/* End PBXResourcesBuildPhase section */

/* Begin PBXSourcesBuildPhase section */
		60368A9A1F860E4200662590 /* Sources */ = {
			isa = PBXSourcesBuildPhase;
			buildActionMask = 2147483647;
			files = (
				60368AA41F860E4200662590 /* ViewController.swift in Sources */,
				60368AA21F860E4200662590 /* AppDelegate.swift in Sources */,
			);
			runOnlyForDeploymentPostprocessing = 0;
		};
		60368AAE1F860E4200662590 /* Sources */ = {
			isa = PBXSourcesBuildPhase;
			buildActionMask = 2147483647;
			files = (
				60368AB71F860E4200662590 /* swift3TechTests.swift in Sources */,
			);
			runOnlyForDeploymentPostprocessing = 0;
		};
		60368AB91F860E4200662590 /* Sources */ = {
			isa = PBXSourcesBuildPhase;
			buildActionMask = 2147483647;
			files = (
				60368AC21F860E4200662590 /* swift3TechUITests.swift in Sources */,
			);
			runOnlyForDeploymentPostprocessing = 0;
		};
/* End PBXSourcesBuildPhase section */

/* Begin PBXTargetDependency section */
		60368AB41F860E4200662590 /* PBXTargetDependency */ = {
			isa = PBXTargetDependency;
			target = 60368A9D1F860E4200662590 /* swift3Tech */;
			targetProxy = 60368AB31F860E4200662590 /* PBXContainerItemProxy */;
		};
		60368ABF1F860E4200662590 /* PBXTargetDependency */ = {
			isa = PBXTargetDependency;
			target = 60368A9D1F860E4200662590 /* swift3Tech */;
			targetProxy = 60368ABE1F860E4200662590 /* PBXContainerItemProxy */;
		};
/* End PBXTargetDependency section */

/* Begin PBXVariantGroup section */
		60368AA51F860E4200662590 /* Main.storyboard */ = {
			isa = PBXVariantGroup;
			children = (
				60368AA61F860E4200662590 /* Base */,
			);
			name = Main.storyboard;
			sourceTree = "<group>";
		};
		60368AAA1F860E4200662590 /* LaunchScreen.storyboard */ = {
			isa = PBXVariantGroup;
			children = (
				60368AAB1F860E4200662590 /* Base */,
			);
			name = LaunchScreen.storyboard;
			sourceTree = "<group>";
		};
/* End PBXVariantGroup section */

/* Begin XCBuildConfiguration section */
		60368AC41F860E4200662590 /* Debug */ = {
			isa = XCBuildConfiguration;
			buildSettings = {
				ALWAYS_SEARCH_USER_PATHS = NO;
				CLANG_ANALYZER_NONNULL = YES;
				CLANG_ANALYZER_NUMBER_OBJECT_CONVERSION = YES_AGGRESSIVE;
				CLANG_CXX_LANGUAGE_STANDARD = "gnu++14";
				CLANG_CXX_LIBRARY = "libc++";
				CLANG_ENABLE_MODULES = YES;
				CLANG_ENABLE_OBJC_ARC = YES;
				CLANG_WARN_BLOCK_CAPTURE_AUTORELEASING = YES;
				CLANG_WARN_BOOL_CONVERSION = YES;
				CLANG_WARN_COMMA = YES;
				CLANG_WARN_CONSTANT_CONVERSION = YES;
				CLANG_WARN_DIRECT_OBJC_ISA_USAGE = YES_ERROR;
				CLANG_WARN_DOCUMENTATION_COMMENTS = YES;
				CLANG_WARN_EMPTY_BODY = YES;
				CLANG_WARN_ENUM_CONVERSION = YES;
				CLANG_WARN_INFINITE_RECURSION = YES;
				CLANG_WARN_INT_CONVERSION = YES;
				CLANG_WARN_NON_LITERAL_NULL_CONVERSION = YES;
				CLANG_WARN_OBJC_LITERAL_CONVERSION = YES;
				CLANG_WARN_OBJC_ROOT_CLASS = YES_ERROR;
				CLANG_WARN_RANGE_LOOP_ANALYSIS = YES;
				CLANG_WARN_STRICT_PROTOTYPES = YES;
				CLANG_WARN_SUSPICIOUS_MOVE = YES;
				CLANG_WARN_UNGUARDED_AVAILABILITY = YES_AGGRESSIVE;
				CLANG_WARN_UNREACHABLE_CODE = YES;
				CLANG_WARN__DUPLICATE_METHOD_MATCH = YES;
				CODE_SIGN_IDENTITY = "iPhone Developer";
				COPY_PHASE_STRIP = NO;
				DEBUG_INFORMATION_FORMAT = dwarf;
				ENABLE_STRICT_OBJC_MSGSEND = YES;
				ENABLE_TESTABILITY = YES;
				GCC_C_LANGUAGE_STANDARD = gnu11;
				GCC_DYNAMIC_NO_PIC = NO;
				GCC_NO_COMMON_BLOCKS = YES;
				GCC_OPTIMIZATION_LEVEL = 0;
				GCC_PREPROCESSOR_DEFINITIONS = (
					"DEBUG=1",
					"$(inherited)",
				);
				GCC_WARN_64_TO_32_BIT_CONVERSION = YES;
				GCC_WARN_ABOUT_RETURN_TYPE = YES_ERROR;
				GCC_WARN_UNDECLARED_SELECTOR = YES;
				GCC_WARN_UNINITIALIZED_AUTOS = YES_AGGRESSIVE;
				GCC_WARN_UNUSED_FUNCTION = YES;
				GCC_WARN_UNUSED_VARIABLE = YES;
				IPHONEOS_DEPLOYMENT_TARGET = 11.0;
				MTL_ENABLE_DEBUG_INFO = YES;
				ONLY_ACTIVE_ARCH = YES;
				SDKROOT = iphoneos;
				SWIFT_ACTIVE_COMPILATION_CONDITIONS = DEBUG;
				SWIFT_OPTIMIZATION_LEVEL = "-Onone";
				SWIFT_VERSION = 3.0;
			};
			name = Debug;
		};
		60368AC51F860E4200662590 /* Release */ = {
			isa = XCBuildConfiguration;
			buildSettings = {
				ALWAYS_SEARCH_USER_PATHS = NO;
				CLANG_ANALYZER_NONNULL = YES;
				CLANG_ANALYZER_NUMBER_OBJECT_CONVERSION = YES_AGGRESSIVE;
				CLANG_CXX_LANGUAGE_STANDARD = "gnu++14";
				CLANG_CXX_LIBRARY = "libc++";
				CLANG_ENABLE_MODULES = YES;
				CLANG_ENABLE_OBJC_ARC = YES;
				CLANG_WARN_BLOCK_CAPTURE_AUTORELEASING = YES;
				CLANG_WARN_BOOL_CONVERSION = YES;
				CLANG_WARN_COMMA = YES;
				CLANG_WARN_CONSTANT_CONVERSION = YES;
				CLANG_WARN_DIRECT_OBJC_ISA_USAGE = YES_ERROR;
				CLANG_WARN_DOCUMENTATION_COMMENTS = YES;
				CLANG_WARN_EMPTY_BODY = YES;
				CLANG_WARN_ENUM_CONVERSION = YES;
				CLANG_WARN_INFINITE_RECURSION = YES;
				CLANG_WARN_INT_CONVERSION = YES;
				CLANG_WARN_NON_LITERAL_NULL_CONVERSION = YES;
				CLANG_WARN_OBJC_LITERAL_CONVERSION = YES;
				CLANG_WARN_OBJC_ROOT_CLASS = YES_ERROR;
				CLANG_WARN_RANGE_LOOP_ANALYSIS = YES;
				CLANG_WARN_STRICT_PROTOTYPES = YES;
				CLANG_WARN_SUSPICIOUS_MOVE = YES;
				CLANG_WARN_UNGUARDED_AVAILABILITY = YES_AGGRESSIVE;
				CLANG_WARN_UNREACHABLE_CODE = YES;
				CLANG_WARN__DUPLICATE_METHOD_MATCH = YES;
				CODE_SIGN_IDENTITY = "iPhone Developer";
				COPY_PHASE_STRIP = NO;
				DEBUG_INFORMATION_FORMAT = "dwarf-with-dsym";
				ENABLE_NS_ASSERTIONS = NO;
				ENABLE_STRICT_OBJC_MSGSEND = YES;
				GCC_C_LANGUAGE_STANDARD = gnu11;
				GCC_NO_COMMON_BLOCKS = YES;
				GCC_WARN_64_TO_32_BIT_CONVERSION = YES;
				GCC_WARN_ABOUT_RETURN_TYPE = YES_ERROR;
				GCC_WARN_UNDECLARED_SELECTOR = YES;
				GCC_WARN_UNINITIALIZED_AUTOS = YES_AGGRESSIVE;
				GCC_WARN_UNUSED_FUNCTION = YES;
				GCC_WARN_UNUSED_VARIABLE = YES;
				IPHONEOS_DEPLOYMENT_TARGET = 11.0;
				MTL_ENABLE_DEBUG_INFO = NO;
				SDKROOT = iphoneos;
				SWIFT_OPTIMIZATION_LEVEL = "-Owholemodule";
				SWIFT_VERSION = 3.0;
				VALIDATE_PRODUCT = YES;
			};
			name = Release;
		};
		60368AC71F860E4200662590 /* Debug */ = {
			isa = XCBuildConfiguration;
			buildSettings = {
				ASSETCATALOG_COMPILER_APPICON_NAME = AppIcon;
				CODE_SIGN_STYLE = Automatic;
				DEVELOPMENT_TEAM = KURB8WE2CT;
				INFOPLIST_FILE = swift3Tech/Info.plist;
				LD_RUNPATH_SEARCH_PATHS = "$(inherited) @executable_path/Frameworks";
				PRODUCT_BUNDLE_IDENTIFIER = com.groupeseb.swift3Tech;
				PRODUCT_NAME = "$(TARGET_NAME)";
				SWIFT_VERSION = 3.0;
				TARGETED_DEVICE_FAMILY = "1,2";
			};
			name = Debug;
		};
		60368AC81F860E4200662590 /* Release */ = {
			isa = XCBuildConfiguration;
			buildSettings = {
				ASSETCATALOG_COMPILER_APPICON_NAME = AppIcon;
				CODE_SIGN_STYLE = Automatic;
				DEVELOPMENT_TEAM = KURB8WE2CT;
				INFOPLIST_FILE = swift3Tech/Info.plist;
				LD_RUNPATH_SEARCH_PATHS = "$(inherited) @executable_path/Frameworks";
				PRODUCT_BUNDLE_IDENTIFIER = com.groupeseb.swift3Tech;
				PRODUCT_NAME = "$(TARGET_NAME)";
				SWIFT_VERSION = 3.0;
				TARGETED_DEVICE_FAMILY = "1,2";
			};
			name = Release;
		};
		60368ACA1F860E4200662590 /* Debug */ = {
			isa = XCBuildConfiguration;
			buildSettings = {
				ALWAYS_EMBED_SWIFT_STANDARD_LIBRARIES = YES;
				BUNDLE_LOADER = "$(TEST_HOST)";
				CODE_SIGN_STYLE = Automatic;
				DEVELOPMENT_TEAM = KURB8WE2CT;
				INFOPLIST_FILE = swift3TechTests/Info.plist;
				LD_RUNPATH_SEARCH_PATHS = "$(inherited) @executable_path/Frameworks @loader_path/Frameworks";
				PRODUCT_BUNDLE_IDENTIFIER = com.groupeseb.swift3TechTests;
				PRODUCT_NAME = "$(TARGET_NAME)";
				SWIFT_VERSION = 4.0;
				TARGETED_DEVICE_FAMILY = "1,2";
				TEST_HOST = "$(BUILT_PRODUCTS_DIR)/swift3Tech.app/swift3Tech";
			};
			name = Debug;
		};
		60368ACB1F860E4200662590 /* Release */ = {
			isa = XCBuildConfiguration;
			buildSettings = {
				ALWAYS_EMBED_SWIFT_STANDARD_LIBRARIES = YES;
				BUNDLE_LOADER = "$(TEST_HOST)";
				CODE_SIGN_STYLE = Automatic;
				DEVELOPMENT_TEAM = KURB8WE2CT;
				INFOPLIST_FILE = swift3TechTests/Info.plist;
				LD_RUNPATH_SEARCH_PATHS = "$(inherited) @executable_path/Frameworks @loader_path/Frameworks";
				PRODUCT_BUNDLE_IDENTIFIER = com.groupeseb.swift3TechTests;
				PRODUCT_NAME = "$(TARGET_NAME)";
				SWIFT_VERSION = 4.0;
				TARGETED_DEVICE_FAMILY = "1,2";
				TEST_HOST = "$(BUILT_PRODUCTS_DIR)/swift3Tech.app/swift3Tech";
			};
			name = Release;
		};
		60368ACD1F860E4200662590 /* Debug */ = {
			isa = XCBuildConfiguration;
			buildSettings = {
				ALWAYS_EMBED_SWIFT_STANDARD_LIBRARIES = YES;
				CODE_SIGN_STYLE = Automatic;
				DEVELOPMENT_TEAM = KURB8WE2CT;
				INFOPLIST_FILE = swift3TechUITests/Info.plist;
				LD_RUNPATH_SEARCH_PATHS = "$(inherited) @executable_path/Frameworks @loader_path/Frameworks";
				PRODUCT_BUNDLE_IDENTIFIER = com.groupeseb.swift3TechUITests;
				PRODUCT_NAME = "$(TARGET_NAME)";
				SWIFT_VERSION = 4.0;
				TARGETED_DEVICE_FAMILY = "1,2";
				TEST_TARGET_NAME = swift3Tech;
			};
			name = Debug;
		};
		60368ACE1F860E4200662590 /* Release */ = {
			isa = XCBuildConfiguration;
			buildSettings = {
				ALWAYS_EMBED_SWIFT_STANDARD_LIBRARIES = YES;
				CODE_SIGN_STYLE = Automatic;
				DEVELOPMENT_TEAM = KURB8WE2CT;
				INFOPLIST_FILE = swift3TechUITests/Info.plist;
				LD_RUNPATH_SEARCH_PATHS = "$(inherited) @executable_path/Frameworks @loader_path/Frameworks";
				PRODUCT_BUNDLE_IDENTIFIER = com.groupeseb.swift3TechUITests;
				PRODUCT_NAME = "$(TARGET_NAME)";
				SWIFT_VERSION = 4.0;
				TARGETED_DEVICE_FAMILY = "1,2";
				TEST_TARGET_NAME = swift3Tech;
			};
			name = Release;
		};
/* End XCBuildConfiguration section */

/* Begin XCConfigurationList section */
		60368A991F860E4200662590 /* Build configuration list for PBXProject "swift3Tech" */ = {
			isa = XCConfigurationList;
			buildConfigurations = (
				60368AC41F860E4200662590 /* Debug */,
				60368AC51F860E4200662590 /* Release */,
			);
			defaultConfigurationIsVisible = 0;
			defaultConfigurationName = Release;
		};
		60368AC61F860E4200662590 /* Build configuration list for PBXNativeTarget "swift3Tech" */ = {
			isa = XCConfigurationList;
			buildConfigurations = (
				60368AC71F860E4200662590 /* Debug */,
				60368AC81F860E4200662590 /* Release */,
			);
			defaultConfigurationIsVisible = 0;
			defaultConfigurationName = Release;
		};
		60368AC91F860E4200662590 /* Build configuration list for PBXNativeTarget "swift3TechTests" */ = {
			isa = XCConfigurationList;
			buildConfigurations = (
				60368ACA1F860E4200662590 /* Debug */,
				60368ACB1F860E4200662590 /* Release */,
			);
			defaultConfigurationIsVisible = 0;
			defaultConfigurationName = Release;
		};
		60368ACC1F860E4200662590 /* Build configuration list for PBXNativeTarget "swift3TechUITests" */ = {
			isa = XCConfigurationList;
			buildConfigurations = (
				60368ACD1F860E4200662590 /* Debug */,
				60368ACE1F860E4200662590 /* Release */,
			);
			defaultConfigurationIsVisible = 0;
			defaultConfigurationName = Release;
		};
/* End XCConfigurationList section */
	};
	rootObject = 60368A961F860E4200662590 /* Project object */;
}
